
Microsoft Visual Studio Solution File, Format Version 12.00
# Visual Studio Version 17
VisualStudioVersion = 17.6.33815.320
MinimumVisualStudioVersion = 10.0.40219.1
Project("{FAE04EC0-301F-11D3-BF4B-00C04F79EFBC}") = "2task", "Project/2task.csproj", "{C836BA34-EEF0-4344-85F1-BEE8E389FAB4}"
EndProject
Global
	GlobalSection(SolutionConfigurationPlatforms) = preSolution
		Debug|Any CPU = Debug|Any CPU
		Release|Any CPU = Release|Any CPU
	EndGlobalSection
	GlobalSection(ProjectConfigurationPlatforms) = postSolution
		{C836BA34-EEF0-4344-85F1-BEE8E389FAB4}.Debug|Any CPU.ActiveCfg = Debug|Any CPU
		{C836BA34-EEF0-4344-85F1-BEE8E389FAB4}.Debug|Any CPU.Build.0 = Debug|Any CPU
		{C836BA34-EEF0-4344-85F1-BEE8E389FAB4}.Release|Any CPU.ActiveCfg = Release|Any CPU
		{C836BA34-EEF0-4344-85F1-BEE8E389FAB4}.Release|Any CPU.Build.0 = Release|Any CPU
	EndGlobalSection
	GlobalSection(SolutionProperties) = preSolution
		HideSolutionNode = FALSE
	EndGlobalSection
	GlobalSection(ExtensibilityGlobals) = postSolution
		SolutionGuid = {E36C118C-D409-4374-894F-AA6D39121F52}
	EndGlobalSection
EndGlobal
